
Microsoft Visual Studio Solution File, Format Version 12.00
# Visual Studio 14
VisualStudioVersion = 14.0.25123.0
MinimumVisualStudioVersion = 10.0.40219.1
Project("{FAE04EC0-301F-11D3-BF4B-00C04F79EFBC}") = "ReverseNumbersWithStack", "ReverseNumbersWithStack\ReverseNumbersWithStack.csproj", "{4F9108D7-AA6F-48BC-8DEA-8441D44ECAA8}"
EndProject
Project("{FAE04EC0-301F-11D3-BF4B-00C04F79EFBC}") = "BasicStackOperations", "BasicStackOperations\BasicStackOperations.csproj", "{1C191283-A3CA-46F4-945D-7C375681DAFC}"
EndProject
Project("{FAE04EC0-301F-11D3-BF4B-00C04F79EFBC}") = "MaximumElement", "MaximumElement\MaximumElement.csproj", "{D461FEDE-E9DE-4F59-A5BF-A7DB56CA0C37}"
EndProject
Project("{FAE04EC0-301F-11D3-BF4B-00C04F79EFBC}") = "BasicQueueOperations", "BasicQueueOperations\BasicQueueOperations.csproj", "{87A7FE32-14F0-41CE-BEF9-B1043A2C0985}"
EndProject
Global
	GlobalSection(SolutionConfigurationPlatforms) = preSolution
		Debug|Any CPU = Debug|Any CPU
		Release|Any CPU = Release|Any CPU
	EndGlobalSection
	GlobalSection(ProjectConfigurationPlatforms) = postSolution
		{4F9108D7-AA6F-48BC-8DEA-8441D44ECAA8}.Debug|Any CPU.ActiveCfg = Debug|Any CPU
		{4F9108D7-AA6F-48BC-8DEA-8441D44ECAA8}.Debug|Any CPU.Build.0 = Debug|Any CPU
		{4F9108D7-AA6F-48BC-8DEA-8441D44ECAA8}.Release|Any CPU.ActiveCfg = Release|Any CPU
		{4F9108D7-AA6F-48BC-8DEA-8441D44ECAA8}.Release|Any CPU.Build.0 = Release|Any CPU
		{1C191283-A3CA-46F4-945D-7C375681DAFC}.Debug|Any CPU.ActiveCfg = Debug|Any CPU
		{1C191283-A3CA-46F4-945D-7C375681DAFC}.Debug|Any CPU.Build.0 = Debug|Any CPU
		{1C191283-A3CA-46F4-945D-7C375681DAFC}.Release|Any CPU.ActiveCfg = Release|Any CPU
		{1C191283-A3CA-46F4-945D-7C375681DAFC}.Release|Any CPU.Build.0 = Release|Any CPU
		{D461FEDE-E9DE-4F59-A5BF-A7DB56CA0C37}.Debug|Any CPU.ActiveCfg = Debug|Any CPU
		{D461FEDE-E9DE-4F59-A5BF-A7DB56CA0C37}.Debug|Any CPU.Build.0 = Debug|Any CPU
		{D461FEDE-E9DE-4F59-A5BF-A7DB56CA0C37}.Release|Any CPU.ActiveCfg = Release|Any CPU
		{D461FEDE-E9DE-4F59-A5BF-A7DB56CA0C37}.Release|Any CPU.Build.0 = Release|Any CPU
		{87A7FE32-14F0-41CE-BEF9-B1043A2C0985}.Debug|Any CPU.ActiveCfg = Debug|Any CPU
		{87A7FE32-14F0-41CE-BEF9-B1043A2C0985}.Debug|Any CPU.Build.0 = Debug|Any CPU
		{87A7FE32-14F0-41CE-BEF9-B1043A2C0985}.Release|Any CPU.ActiveCfg = Release|Any CPU
		{87A7FE32-14F0-41CE-BEF9-B1043A2C0985}.Release|Any CPU.Build.0 = Release|Any CPU
	EndGlobalSection
	GlobalSection(SolutionProperties) = preSolution
		HideSolutionNode = FALSE
	EndGlobalSection
EndGlobal
