
Microsoft Visual Studio Solution File, Format Version 12.00
# Visual Studio 14
VisualStudioVersion = 14.0.25123.0
MinimumVisualStudioVersion = 10.0.40219.1
Project("{FAE04EC0-301F-11D3-BF4B-00C04F79EFBC}") = "01.UniqueUsernames", "01.UniqueUsernames\01.UniqueUsernames.csproj", "{90727BBD-7BB3-4703-A225-CE5563317D33}"
EndProject
Project("{FAE04EC0-301F-11D3-BF4B-00C04F79EFBC}") = "02.SetsOfElements", "02.SetsOfElements\02.SetsOfElements.csproj", "{C6CFAF0D-285C-4CD9-8F2F-F95E7DE76F6F}"
EndProject
Project("{FAE04EC0-301F-11D3-BF4B-00C04F79EFBC}") = "03.PeriodicTable", "03.PeriodicTable\03.PeriodicTable.csproj", "{E27DAF38-B787-4194-A072-647B6D9F37FE}"
EndProject
Project("{FAE04EC0-301F-11D3-BF4B-00C04F79EFBC}") = "04.CountSymbols", "04.CountSymbols\04.CountSymbols.csproj", "{CE40E013-6FDB-4736-90A1-C5418CA9DBBF}"
EndProject
Project("{FAE04EC0-301F-11D3-BF4B-00C04F79EFBC}") = "05.Phonebook", "05.Phonebook\05.Phonebook.csproj", "{C81E3364-A7BA-4842-B6F2-B35D322891B0}"
EndProject
Project("{FAE04EC0-301F-11D3-BF4B-00C04F79EFBC}") = "06.MinerTask", "06.MinerTask\06.MinerTask.csproj", "{5FF259A2-69FE-4B5F-B9B7-602A8CCC74A9}"
EndProject
Project("{FAE04EC0-301F-11D3-BF4B-00C04F79EFBC}") = "07.FixEmails", "07.FixEmails\07.FixEmails.csproj", "{D734278F-049C-4C3E-88DA-BDC9A7E6407C}"
EndProject
Project("{FAE04EC0-301F-11D3-BF4B-00C04F79EFBC}") = "08.HandsOfCards", "08.HandsOfCards\08.HandsOfCards.csproj", "{2EA7B18D-6A16-4BF4-A6EF-75B5BAE0756E}"
EndProject
Global
	GlobalSection(SolutionConfigurationPlatforms) = preSolution
		Debug|Any CPU = Debug|Any CPU
		Release|Any CPU = Release|Any CPU
	EndGlobalSection
	GlobalSection(ProjectConfigurationPlatforms) = postSolution
		{90727BBD-7BB3-4703-A225-CE5563317D33}.Debug|Any CPU.ActiveCfg = Debug|Any CPU
		{90727BBD-7BB3-4703-A225-CE5563317D33}.Debug|Any CPU.Build.0 = Debug|Any CPU
		{90727BBD-7BB3-4703-A225-CE5563317D33}.Release|Any CPU.ActiveCfg = Release|Any CPU
		{90727BBD-7BB3-4703-A225-CE5563317D33}.Release|Any CPU.Build.0 = Release|Any CPU
		{C6CFAF0D-285C-4CD9-8F2F-F95E7DE76F6F}.Debug|Any CPU.ActiveCfg = Debug|Any CPU
		{C6CFAF0D-285C-4CD9-8F2F-F95E7DE76F6F}.Debug|Any CPU.Build.0 = Debug|Any CPU
		{C6CFAF0D-285C-4CD9-8F2F-F95E7DE76F6F}.Release|Any CPU.ActiveCfg = Release|Any CPU
		{C6CFAF0D-285C-4CD9-8F2F-F95E7DE76F6F}.Release|Any CPU.Build.0 = Release|Any CPU
		{E27DAF38-B787-4194-A072-647B6D9F37FE}.Debug|Any CPU.ActiveCfg = Debug|Any CPU
		{E27DAF38-B787-4194-A072-647B6D9F37FE}.Debug|Any CPU.Build.0 = Debug|Any CPU
		{E27DAF38-B787-4194-A072-647B6D9F37FE}.Release|Any CPU.ActiveCfg = Release|Any CPU
		{E27DAF38-B787-4194-A072-647B6D9F37FE}.Release|Any CPU.Build.0 = Release|Any CPU
		{CE40E013-6FDB-4736-90A1-C5418CA9DBBF}.Debug|Any CPU.ActiveCfg = Debug|Any CPU
		{CE40E013-6FDB-4736-90A1-C5418CA9DBBF}.Debug|Any CPU.Build.0 = Debug|Any CPU
		{CE40E013-6FDB-4736-90A1-C5418CA9DBBF}.Release|Any CPU.ActiveCfg = Release|Any CPU
		{CE40E013-6FDB-4736-90A1-C5418CA9DBBF}.Release|Any CPU.Build.0 = Release|Any CPU
		{C81E3364-A7BA-4842-B6F2-B35D322891B0}.Debug|Any CPU.ActiveCfg = Debug|Any CPU
		{C81E3364-A7BA-4842-B6F2-B35D322891B0}.Debug|Any CPU.Build.0 = Debug|Any CPU
		{C81E3364-A7BA-4842-B6F2-B35D322891B0}.Release|Any CPU.ActiveCfg = Release|Any CPU
		{C81E3364-A7BA-4842-B6F2-B35D322891B0}.Release|Any CPU.Build.0 = Release|Any CPU
		{5FF259A2-69FE-4B5F-B9B7-602A8CCC74A9}.Debug|Any CPU.ActiveCfg = Debug|Any CPU
		{5FF259A2-69FE-4B5F-B9B7-602A8CCC74A9}.Debug|Any CPU.Build.0 = Debug|Any CPU
		{5FF259A2-69FE-4B5F-B9B7-602A8CCC74A9}.Release|Any CPU.ActiveCfg = Release|Any CPU
		{5FF259A2-69FE-4B5F-B9B7-602A8CCC74A9}.Release|Any CPU.Build.0 = Release|Any CPU
		{D734278F-049C-4C3E-88DA-BDC9A7E6407C}.Debug|Any CPU.ActiveCfg = Debug|Any CPU
		{D734278F-049C-4C3E-88DA-BDC9A7E6407C}.Debug|Any CPU.Build.0 = Debug|Any CPU
		{D734278F-049C-4C3E-88DA-BDC9A7E6407C}.Release|Any CPU.ActiveCfg = Release|Any CPU
		{D734278F-049C-4C3E-88DA-BDC9A7E6407C}.Release|Any CPU.Build.0 = Release|Any CPU
		{2EA7B18D-6A16-4BF4-A6EF-75B5BAE0756E}.Debug|Any CPU.ActiveCfg = Debug|Any CPU
		{2EA7B18D-6A16-4BF4-A6EF-75B5BAE0756E}.Debug|Any CPU.Build.0 = Debug|Any CPU
		{2EA7B18D-6A16-4BF4-A6EF-75B5BAE0756E}.Release|Any CPU.ActiveCfg = Release|Any CPU
		{2EA7B18D-6A16-4BF4-A6EF-75B5BAE0756E}.Release|Any CPU.Build.0 = Release|Any CPU
	EndGlobalSection
	GlobalSection(SolutionProperties) = preSolution
		HideSolutionNode = FALSE
	EndGlobalSection
EndGlobal
