
Microsoft Visual Studio Solution File, Format Version 12.00
# Visual Studio 14
VisualStudioVersion = 14.0.25123.0
MinimumVisualStudioVersion = 10.0.40219.1
Project("{FAE04EC0-301F-11D3-BF4B-00C04F79EFBC}") = "07.ValidUsernames", "07.ValidUsernames\07.ValidUsernames.csproj", "{03FF5A58-CEEB-4270-BE9C-D3E903C3488A}"
EndProject
Project("{FAE04EC0-301F-11D3-BF4B-00C04F79EFBC}") = "08.ExtractHyperlinks", "08.ExtractHyperlinks\08.ExtractHyperlinks.csproj", "{A9F428AB-C661-49FF-BB36-3741EE970B3D}"
EndProject
Global
	GlobalSection(SolutionConfigurationPlatforms) = preSolution
		Debug|Any CPU = Debug|Any CPU
		Release|Any CPU = Release|Any CPU
	EndGlobalSection
	GlobalSection(ProjectConfigurationPlatforms) = postSolution
		{03FF5A58-CEEB-4270-BE9C-D3E903C3488A}.Debug|Any CPU.ActiveCfg = Debug|Any CPU
		{03FF5A58-CEEB-4270-BE9C-D3E903C3488A}.Debug|Any CPU.Build.0 = Debug|Any CPU
		{03FF5A58-CEEB-4270-BE9C-D3E903C3488A}.Release|Any CPU.ActiveCfg = Release|Any CPU
		{03FF5A58-CEEB-4270-BE9C-D3E903C3488A}.Release|Any CPU.Build.0 = Release|Any CPU
		{A9F428AB-C661-49FF-BB36-3741EE970B3D}.Debug|Any CPU.ActiveCfg = Debug|Any CPU
		{A9F428AB-C661-49FF-BB36-3741EE970B3D}.Debug|Any CPU.Build.0 = Debug|Any CPU
		{A9F428AB-C661-49FF-BB36-3741EE970B3D}.Release|Any CPU.ActiveCfg = Release|Any CPU
		{A9F428AB-C661-49FF-BB36-3741EE970B3D}.Release|Any CPU.Build.0 = Release|Any CPU
	EndGlobalSection
	GlobalSection(SolutionProperties) = preSolution
		HideSolutionNode = FALSE
	EndGlobalSection
EndGlobal
